
Microsoft Visual Studio Solution File, Format Version 12.00
# Visual Studio 2013
VisualStudioVersion = 12.0.21005.1
MinimumVisualStudioVersion = 10.0.40219.1
Project("{FAE04EC0-301F-11D3-BF4B-00C04F79EFBC}") = "BLL", "BLL\BLL.csproj", "{1A6DB533-7B36-4ADB-9C9E-585CC1ADACE3}"
EndProject
Project("{FAE04EC0-301F-11D3-BF4B-00C04F79EFBC}") = "DAL", "DAL\DAL.csproj", "{BF651936-132E-4A42-935C-8C61E017557A}"
EndProject
Project("{FAE04EC0-301F-11D3-BF4B-00C04F79EFBC}") = "Model", "Model\Model.csproj", "{128E03C1-1F68-4DB0-8E39-9E28331E6373}"
EndProject
Project("{FAE04EC0-301F-11D3-BF4B-00C04F79EFBC}") = "Stock", "Stock\Stock.csproj", "{81FB6C97-531D-41E8-B2F6-2F61B0A4E605}"
EndProject
Global
	GlobalSection(SolutionConfigurationPlatforms) = preSolution
		Debug|Any CPU = Debug|Any CPU
		Release|Any CPU = Release|Any CPU
	EndGlobalSection
	GlobalSection(ProjectConfigurationPlatforms) = postSolution
		{1A6DB533-7B36-4ADB-9C9E-585CC1ADACE3}.Debug|Any CPU.ActiveCfg = Debug|Any CPU
		{1A6DB533-7B36-4ADB-9C9E-585CC1ADACE3}.Debug|Any CPU.Build.0 = Debug|Any CPU
		{1A6DB533-7B36-4ADB-9C9E-585CC1ADACE3}.Release|Any CPU.ActiveCfg = Release|Any CPU
		{1A6DB533-7B36-4ADB-9C9E-585CC1ADACE3}.Release|Any CPU.Build.0 = Release|Any CPU
		{BF651936-132E-4A42-935C-8C61E017557A}.Debug|Any CPU.ActiveCfg = Debug|Any CPU
		{BF651936-132E-4A42-935C-8C61E017557A}.Debug|Any CPU.Build.0 = Debug|Any CPU
		{BF651936-132E-4A42-935C-8C61E017557A}.Release|Any CPU.ActiveCfg = Release|Any CPU
		{BF651936-132E-4A42-935C-8C61E017557A}.Release|Any CPU.Build.0 = Release|Any CPU
		{128E03C1-1F68-4DB0-8E39-9E28331E6373}.Debug|Any CPU.ActiveCfg = Debug|Any CPU
		{128E03C1-1F68-4DB0-8E39-9E28331E6373}.Debug|Any CPU.Build.0 = Debug|Any CPU
		{128E03C1-1F68-4DB0-8E39-9E28331E6373}.Release|Any CPU.ActiveCfg = Release|Any CPU
		{128E03C1-1F68-4DB0-8E39-9E28331E6373}.Release|Any CPU.Build.0 = Release|Any CPU
		{81FB6C97-531D-41E8-B2F6-2F61B0A4E605}.Debug|Any CPU.ActiveCfg = Debug|Any CPU
		{81FB6C97-531D-41E8-B2F6-2F61B0A4E605}.Debug|Any CPU.Build.0 = Debug|Any CPU
		{81FB6C97-531D-41E8-B2F6-2F61B0A4E605}.Release|Any CPU.ActiveCfg = Release|Any CPU
		{81FB6C97-531D-41E8-B2F6-2F61B0A4E605}.Release|Any CPU.Build.0 = Release|Any CPU
	EndGlobalSection
	GlobalSection(SolutionProperties) = preSolution
		HideSolutionNode = FALSE
	EndGlobalSection
EndGlobal
